
Microsoft Visual Studio Solution File, Format Version 12.00
# Visual Studio 2015
Project("{FAE04EC0-301F-11D3-BF4B-00C04F79EFBC}") = "3RD Person Controller.Plugins", "3RD Person Controller.Plugins.csproj", "{0A531F3D-FA44-307E-A329-2A67DE1954D2}"
EndProject
Project("{FAE04EC0-301F-11D3-BF4B-00C04F79EFBC}") = "3RD Person Controller", "3RD Person Controller.csproj", "{D5D6F1C2-CE65-1A50-BE95-BE2B8B25136D}"
EndProject
Project("{FAE04EC0-301F-11D3-BF4B-00C04F79EFBC}") = "3RD Person Controller.Editor.Plugins", "3RD Person Controller.Editor.Plugins.csproj", "{BD2A3AC0-F388-76E4-957C-F4C27CF40C14}"
EndProject
Global
	GlobalSection(SolutionConfigurationPlatforms) = preSolution
		Debug|Any CPU = Debug|Any CPU
		Release|Any CPU = Release|Any CPU
	EndGlobalSection
	GlobalSection(ProjectConfigurationPlatforms) = postSolution
		{0A531F3D-FA44-307E-A329-2A67DE1954D2}.Debug|Any CPU.ActiveCfg = Debug|Any CPU
		{0A531F3D-FA44-307E-A329-2A67DE1954D2}.Debug|Any CPU.Build.0 = Debug|Any CPU
		{0A531F3D-FA44-307E-A329-2A67DE1954D2}.Release|Any CPU.ActiveCfg = Release|Any CPU
		{0A531F3D-FA44-307E-A329-2A67DE1954D2}.Release|Any CPU.Build.0 = Release|Any CPU
		{D5D6F1C2-CE65-1A50-BE95-BE2B8B25136D}.Debug|Any CPU.ActiveCfg = Debug|Any CPU
		{D5D6F1C2-CE65-1A50-BE95-BE2B8B25136D}.Debug|Any CPU.Build.0 = Debug|Any CPU
		{D5D6F1C2-CE65-1A50-BE95-BE2B8B25136D}.Release|Any CPU.ActiveCfg = Release|Any CPU
		{D5D6F1C2-CE65-1A50-BE95-BE2B8B25136D}.Release|Any CPU.Build.0 = Release|Any CPU
		{BD2A3AC0-F388-76E4-957C-F4C27CF40C14}.Debug|Any CPU.ActiveCfg = Debug|Any CPU
		{BD2A3AC0-F388-76E4-957C-F4C27CF40C14}.Debug|Any CPU.Build.0 = Debug|Any CPU
		{BD2A3AC0-F388-76E4-957C-F4C27CF40C14}.Release|Any CPU.ActiveCfg = Release|Any CPU
		{BD2A3AC0-F388-76E4-957C-F4C27CF40C14}.Release|Any CPU.Build.0 = Release|Any CPU
	EndGlobalSection
	GlobalSection(SolutionProperties) = preSolution
		HideSolutionNode = FALSE
	EndGlobalSection
EndGlobal
